
Microsoft Visual Studio Solution File, Format Version 12.00
# Visual Studio Version 17
VisualStudioVersion = 17.6.33712.159
MinimumVisualStudioVersion = 10.0.40219.1
Project("{FAE04EC0-301F-11D3-BF4B-00C04F79EFBC}") = "finalproje", "finalproje\finalproje.csproj", "{CFDDD9D6-4ED1-466A-A2BC-C705D82642BC}"
EndProject
Global
	GlobalSection(SolutionConfigurationPlatforms) = preSolution
		Debug|Any CPU = Debug|Any CPU
		Release|Any CPU = Release|Any CPU
	EndGlobalSection
	GlobalSection(ProjectConfigurationPlatforms) = postSolution
		{CFDDD9D6-4ED1-466A-A2BC-C705D82642BC}.Debug|Any CPU.ActiveCfg = Debug|Any CPU
		{CFDDD9D6-4ED1-466A-A2BC-C705D82642BC}.Debug|Any CPU.Build.0 = Debug|Any CPU
		{CFDDD9D6-4ED1-466A-A2BC-C705D82642BC}.Release|Any CPU.ActiveCfg = Release|Any CPU
		{CFDDD9D6-4ED1-466A-A2BC-C705D82642BC}.Release|Any CPU.Build.0 = Release|Any CPU
	EndGlobalSection
	GlobalSection(SolutionProperties) = preSolution
		HideSolutionNode = FALSE
	EndGlobalSection
	GlobalSection(ExtensibilityGlobals) = postSolution
		SolutionGuid = {52D4A7EF-2D96-4B3E-98BB-85EB7F5A1C7A}
	EndGlobalSection
EndGlobal
